// !$*UTF8*$!
{
	archiveVersion = 1;
	classes = {
	};
	objectVersion = 48;
	objects = {

/* Begin PBXBuildFile section */
		732C90841F7C9E8C00F22AB1 /* AppDelegate.m in Sources */ = {isa = PBXBuildFile; fileRef = 732C90831F7C9E8C00F22AB1 /* AppDelegate.m */; };
		732C90871F7C9E8C00F22AB1 /* ViewController.m in Sources */ = {isa = PBXBuildFile; fileRef = 732C90861F7C9E8C00F22AB1 /* ViewController.m */; };
		732C908A1F7C9E8C00F22AB1 /* Main.storyboard in Resources */ = {isa = PBXBuildFile; fileRef = 732C90881F7C9E8C00F22AB1 /* Main.storyboard */; };
		732C908C1F7C9E8C00F22AB1 /* Assets.xcassets in Resources */ = {isa = PBXBuildFile; fileRef = 732C908B1F7C9E8C00F22AB1 /* Assets.xcassets */; };
		732C908F1F7C9E8C00F22AB1 /* LaunchScreen.storyboard in Resources */ = {isa = PBXBuildFile; fileRef = 732C908D1F7C9E8C00F22AB1 /* LaunchScreen.storyboard */; };
		732C90921F7C9E8C00F22AB1 /* main.m in Sources */ = {isa = PBXBuildFile; fileRef = 732C90911F7C9E8C00F22AB1 /* main.m */; };
		732C909C1F7C9FAC00F22AB1 /* UIView+Extension.m in Sources */ = {isa = PBXBuildFile; fileRef = 732C909B1F7C9FAC00F22AB1 /* UIView+Extension.m */; };
		732C909F1F7CA27100F22AB1 /* UIScrollView+HZExtension.m in Sources */ = {isa = PBXBuildFile; fileRef = 732C909E1F7CA27100F22AB1 /* UIScrollView+HZExtension.m */; };
		732C90A21F7CC44A00F22AB1 /* HZRefreshBaseView.m in Sources */ = {isa = PBXBuildFile; fileRef = 732C90A11F7CC44A00F22AB1 /* HZRefreshBaseView.m */; };
		732C90A51F7CC8C300F22AB1 /* HZRefreshBaseHeader.m in Sources */ = {isa = PBXBuildFile; fileRef = 732C90A41F7CC8C300F22AB1 /* HZRefreshBaseHeader.m */; };
		732C90A81F7CCE2500F22AB1 /* UIScrollView+HZRefreshHeader.m in Sources */ = {isa = PBXBuildFile; fileRef = 732C90A71F7CCE2500F22AB1 /* UIScrollView+HZRefreshHeader.m */; };
		732C90AB1F7CCEDC00F22AB1 /* UILabel+HZRefreshLabel.m in Sources */ = {isa = PBXBuildFile; fileRef = 732C90AA1F7CCEDC00F22AB1 /* UILabel+HZRefreshLabel.m */; };
		732C90AE1F7CCF5300F22AB1 /* HZRefreshStateHeader.m in Sources */ = {isa = PBXBuildFile; fileRef = 732C90AD1F7CCF5300F22AB1 /* HZRefreshStateHeader.m */; };
		732C90B11F7CD7B900F22AB1 /* HZRefreshNormalHeader.m in Sources */ = {isa = PBXBuildFile; fileRef = 732C90B01F7CD7B900F22AB1 /* HZRefreshNormalHeader.m */; };
/* End PBXBuildFile section */

/* Begin PBXFileReference section */
		732C907F1F7C9E8C00F22AB1 /* HZRefresh.app */ = {isa = PBXFileReference; explicitFileType = wrapper.application; includeInIndex = 0; path = HZRefresh.app; sourceTree = BUILT_PRODUCTS_DIR; };
		732C90821F7C9E8C00F22AB1 /* AppDelegate.h */ = {isa = PBXFileReference; lastKnownFileType = sourcecode.c.h; path = AppDelegate.h; sourceTree = "<group>"; };
		732C90831F7C9E8C00F22AB1 /* AppDelegate.m */ = {isa = PBXFileReference; lastKnownFileType = sourcecode.c.objc; path = AppDelegate.m; sourceTree = "<group>"; };
		732C90851F7C9E8C00F22AB1 /* ViewController.h */ = {isa = PBXFileReference; lastKnownFileType = sourcecode.c.h; path = ViewController.h; sourceTree = "<group>"; };
		732C90861F7C9E8C00F22AB1 /* ViewController.m */ = {isa = PBXFileReference; lastKnownFileType = sourcecode.c.objc; path = ViewController.m; sourceTree = "<group>"; };
		732C90891F7C9E8C00F22AB1 /* Base */ = {isa = PBXFileReference; lastKnownFileType = file.storyboard; name = Base; path = Base.lproj/Main.storyboard; sourceTree = "<group>"; };
		732C908B1F7C9E8C00F22AB1 /* Assets.xcassets */ = {isa = PBXFileReference; lastKnownFileType = folder.assetcatalog; path = Assets.xcassets; sourceTree = "<group>"; };
		732C908E1F7C9E8C00F22AB1 /* Base */ = {isa = PBXFileReference; lastKnownFileType = file.storyboard; name = Base; path = Base.lproj/LaunchScreen.storyboard; sourceTree = "<group>"; };
		732C90901F7C9E8C00F22AB1 /* Info.plist */ = {isa = PBXFileReference; lastKnownFileType = text.plist.xml; path = Info.plist; sourceTree = "<group>"; };
		732C90911F7C9E8C00F22AB1 /* main.m */ = {isa = PBXFileReference; lastKnownFileType = sourcecode.c.objc; path = main.m; sourceTree = "<group>"; };
		732C909A1F7C9FAC00F22AB1 /* UIView+Extension.h */ = {isa = PBXFileReference; lastKnownFileType = sourcecode.c.h; path = "UIView+Extension.h"; sourceTree = "<group>"; };
		732C909B1F7C9FAC00F22AB1 /* UIView+Extension.m */ = {isa = PBXFileReference; lastKnownFileType = sourcecode.c.objc; path = "UIView+Extension.m"; sourceTree = "<group>"; };
		732C909D1F7CA27100F22AB1 /* UIScrollView+HZExtension.h */ = {isa = PBXFileReference; lastKnownFileType = sourcecode.c.h; path = "UIScrollView+HZExtension.h"; sourceTree = "<group>"; };
		732C909E1F7CA27100F22AB1 /* UIScrollView+HZExtension.m */ = {isa = PBXFileReference; lastKnownFileType = sourcecode.c.objc; path = "UIScrollView+HZExtension.m"; sourceTree = "<group>"; };
		732C90A01F7CC44A00F22AB1 /* HZRefreshBaseView.h */ = {isa = PBXFileReference; lastKnownFileType = sourcecode.c.h; path = HZRefreshBaseView.h; sourceTree = "<group>"; };
		732C90A11F7CC44A00F22AB1 /* HZRefreshBaseView.m */ = {isa = PBXFileReference; lastKnownFileType = sourcecode.c.objc; path = HZRefreshBaseView.m; sourceTree = "<group>"; };
		732C90A31F7CC8C300F22AB1 /* HZRefreshBaseHeader.h */ = {isa = PBXFileReference; lastKnownFileType = sourcecode.c.h; path = HZRefreshBaseHeader.h; sourceTree = "<group>"; };
		732C90A41F7CC8C300F22AB1 /* HZRefreshBaseHeader.m */ = {isa = PBXFileReference; lastKnownFileType = sourcecode.c.objc; path = HZRefreshBaseHeader.m; sourceTree = "<group>"; };
		732C90A61F7CCE2500F22AB1 /* UIScrollView+HZRefreshHeader.h */ = {isa = PBXFileReference; lastKnownFileType = sourcecode.c.h; path = "UIScrollView+HZRefreshHeader.h"; sourceTree = "<group>"; };
		732C90A71F7CCE2500F22AB1 /* UIScrollView+HZRefreshHeader.m */ = {isa = PBXFileReference; lastKnownFileType = sourcecode.c.objc; path = "UIScrollView+HZRefreshHeader.m"; sourceTree = "<group>"; };
		732C90A91F7CCEDC00F22AB1 /* UILabel+HZRefreshLabel.h */ = {isa = PBXFileReference; lastKnownFileType = sourcecode.c.h; path = "UILabel+HZRefreshLabel.h"; sourceTree = "<group>"; };
		732C90AA1F7CCEDC00F22AB1 /* UILabel+HZRefreshLabel.m */ = {isa = PBXFileReference; lastKnownFileType = sourcecode.c.objc; path = "UILabel+HZRefreshLabel.m"; sourceTree = "<group>"; };
		732C90AC1F7CCF5300F22AB1 /* HZRefreshStateHeader.h */ = {isa = PBXFileReference; lastKnownFileType = sourcecode.c.h; path = HZRefreshStateHeader.h; sourceTree = "<group>"; };
		732C90AD1F7CCF5300F22AB1 /* HZRefreshStateHeader.m */ = {isa = PBXFileReference; lastKnownFileType = sourcecode.c.objc; path = HZRefreshStateHeader.m; sourceTree = "<group>"; };
		732C90AF1F7CD7B900F22AB1 /* HZRefreshNormalHeader.h */ = {isa = PBXFileReference; lastKnownFileType = sourcecode.c.h; path = HZRefreshNormalHeader.h; sourceTree = "<group>"; };
		732C90B01F7CD7B900F22AB1 /* HZRefreshNormalHeader.m */ = {isa = PBXFileReference; lastKnownFileType = sourcecode.c.objc; path = HZRefreshNormalHeader.m; sourceTree = "<group>"; };
		732C90B21F7E4A3D00F22AB1 /* arrow@2x.png */ = {isa = PBXFileReference; lastKnownFileType = image.png; path = "arrow@2x.png"; sourceTree = "<group>"; };
/* End PBXFileReference section */

/* Begin PBXFrameworksBuildPhase section */
		732C907C1F7C9E8C00F22AB1 /* Frameworks */ = {
			isa = PBXFrameworksBuildPhase;
			buildActionMask = 2147483647;
			files = (
			);
			runOnlyForDeploymentPostprocessing = 0;
		};
/* End PBXFrameworksBuildPhase section */

/* Begin PBXGroup section */
		732C90761F7C9E8C00F22AB1 = {
			isa = PBXGroup;
			children = (
				732C90811F7C9E8C00F22AB1 /* HZRefresh */,
				732C90801F7C9E8C00F22AB1 /* Products */,
			);
			sourceTree = "<group>";
		};
		732C90801F7C9E8C00F22AB1 /* Products */ = {
			isa = PBXGroup;
			children = (
				732C907F1F7C9E8C00F22AB1 /* HZRefresh.app */,
			);
			name = Products;
			sourceTree = "<group>";
		};
		732C90811F7C9E8C00F22AB1 /* HZRefresh */ = {
			isa = PBXGroup;
			children = (
				732C90B21F7E4A3D00F22AB1 /* arrow@2x.png */,
				732C90991F7C9F8A00F22AB1 /* Category */,
				732C90981F7C9F7E00F22AB1 /* View */,
				732C90821F7C9E8C00F22AB1 /* AppDelegate.h */,
				732C90831F7C9E8C00F22AB1 /* AppDelegate.m */,
				732C90851F7C9E8C00F22AB1 /* ViewController.h */,
				732C90861F7C9E8C00F22AB1 /* ViewController.m */,
				732C90881F7C9E8C00F22AB1 /* Main.storyboard */,
				732C908B1F7C9E8C00F22AB1 /* Assets.xcassets */,
				732C908D1F7C9E8C00F22AB1 /* LaunchScreen.storyboard */,
				732C90901F7C9E8C00F22AB1 /* Info.plist */,
				732C90911F7C9E8C00F22AB1 /* main.m */,
			);
			path = HZRefresh;
			sourceTree = "<group>";
		};
		732C90981F7C9F7E00F22AB1 /* View */ = {
			isa = PBXGroup;
			children = (
				732C90A01F7CC44A00F22AB1 /* HZRefreshBaseView.h */,
				732C90A11F7CC44A00F22AB1 /* HZRefreshBaseView.m */,
				732C90A31F7CC8C300F22AB1 /* HZRefreshBaseHeader.h */,
				732C90A41F7CC8C300F22AB1 /* HZRefreshBaseHeader.m */,
				732C90AC1F7CCF5300F22AB1 /* HZRefreshStateHeader.h */,
				732C90AD1F7CCF5300F22AB1 /* HZRefreshStateHeader.m */,
				732C90AF1F7CD7B900F22AB1 /* HZRefreshNormalHeader.h */,
				732C90B01F7CD7B900F22AB1 /* HZRefreshNormalHeader.m */,
			);
			path = View;
			sourceTree = "<group>";
		};
		732C90991F7C9F8A00F22AB1 /* Category */ = {
			isa = PBXGroup;
			children = (
				732C909A1F7C9FAC00F22AB1 /* UIView+Extension.h */,
				732C909B1F7C9FAC00F22AB1 /* UIView+Extension.m */,
				732C909D1F7CA27100F22AB1 /* UIScrollView+HZExtension.h */,
				732C909E1F7CA27100F22AB1 /* UIScrollView+HZExtension.m */,
				732C90A61F7CCE2500F22AB1 /* UIScrollView+HZRefreshHeader.h */,
				732C90A71F7CCE2500F22AB1 /* UIScrollView+HZRefreshHeader.m */,
				732C90A91F7CCEDC00F22AB1 /* UILabel+HZRefreshLabel.h */,
				732C90AA1F7CCEDC00F22AB1 /* UILabel+HZRefreshLabel.m */,
			);
			path = Category;
			sourceTree = "<group>";
		};
/* End PBXGroup section */

/* Begin PBXNativeTarget section */
		732C907E1F7C9E8C00F22AB1 /* HZRefresh */ = {
			isa = PBXNativeTarget;
			buildConfigurationList = 732C90951F7C9E8C00F22AB1 /* Build configuration list for PBXNativeTarget "HZRefresh" */;
			buildPhases = (
				732C907B1F7C9E8C00F22AB1 /* Sources */,
				732C907C1F7C9E8C00F22AB1 /* Frameworks */,
				732C907D1F7C9E8C00F22AB1 /* Resources */,
			);
			buildRules = (
			);
			dependencies = (
			);
			name = HZRefresh;
			productName = HZRefresh;
			productReference = 732C907F1F7C9E8C00F22AB1 /* HZRefresh.app */;
			productType = "com.apple.product-type.application";
		};
/* End PBXNativeTarget section */

/* Begin PBXProject section */
		732C90771F7C9E8C00F22AB1 /* Project object */ = {
			isa = PBXProject;
			attributes = {
				CLASSPREFIX = HZ;
				LastUpgradeCheck = 0900;
				ORGANIZATIONNAME = "韩志峰";
				TargetAttributes = {
					732C907E1F7C9E8C00F22AB1 = {
						CreatedOnToolsVersion = 9.0;
						ProvisioningStyle = Automatic;
					};
				};
			};
			buildConfigurationList = 732C907A1F7C9E8C00F22AB1 /* Build configuration list for PBXProject "HZRefresh" */;
			compatibilityVersion = "Xcode 8.0";
			developmentRegion = en;
			hasScannedForEncodings = 0;
			knownRegions = (
				en,
				Base,
			);
			mainGroup = 732C90761F7C9E8C00F22AB1;
			productRefGroup = 732C90801F7C9E8C00F22AB1 /* Products */;
			projectDirPath = "";
			projectRoot = "";
			targets = (
				732C907E1F7C9E8C00F22AB1 /* HZRefresh */,
			);
		};
/* End PBXProject section */

/* Begin PBXResourcesBuildPhase section */
		732C907D1F7C9E8C00F22AB1 /* Resources */ = {
			isa = PBXResourcesBuildPhase;
			buildActionMask = 2147483647;
			files = (
				732C908F1F7C9E8C00F22AB1 /* LaunchScreen.storyboard in Resources */,
				732C908C1F7C9E8C00F22AB1 /* Assets.xcassets in Resources */,
				732C908A1F7C9E8C00F22AB1 /* Main.storyboard in Resources */,
			);
			runOnlyForDeploymentPostprocessing = 0;
		};
/* End PBXResourcesBuildPhase section */

/* Begin PBXSourcesBuildPhase section */
		732C907B1F7C9E8C00F22AB1 /* Sources */ = {
			isa = PBXSourcesBuildPhase;
			buildActionMask = 2147483647;
			files = (
				732C90871F7C9E8C00F22AB1 /* ViewController.m in Sources */,
				732C90B11F7CD7B900F22AB1 /* HZRefreshNormalHeader.m in Sources */,
				732C90A51F7CC8C300F22AB1 /* HZRefreshBaseHeader.m in Sources */,
				732C90AE1F7CCF5300F22AB1 /* HZRefreshStateHeader.m in Sources */,
				732C909F1F7CA27100F22AB1 /* UIScrollView+HZExtension.m in Sources */,
				732C90921F7C9E8C00F22AB1 /* main.m in Sources */,
				732C909C1F7C9FAC00F22AB1 /* UIView+Extension.m in Sources */,
				732C90AB1F7CCEDC00F22AB1 /* UILabel+HZRefreshLabel.m in Sources */,
				732C90841F7C9E8C00F22AB1 /* AppDelegate.m in Sources */,
				732C90A81F7CCE2500F22AB1 /* UIScrollView+HZRefreshHeader.m in Sources */,
				732C90A21F7CC44A00F22AB1 /* HZRefreshBaseView.m in Sources */,
			);
			runOnlyForDeploymentPostprocessing = 0;
		};
/* End PBXSourcesBuildPhase section */

/* Begin PBXVariantGroup section */
		732C90881F7C9E8C00F22AB1 /* Main.storyboard */ = {
			isa = PBXVariantGroup;
			children = (
				732C90891F7C9E8C00F22AB1 /* Base */,
			);
			name = Main.storyboard;
			sourceTree = "<group>";
		};
		732C908D1F7C9E8C00F22AB1 /* LaunchScreen.storyboard */ = {
			isa = PBXVariantGroup;
			children = (
				732C908E1F7C9E8C00F22AB1 /* Base */,
			);
			name = LaunchScreen.storyboard;
			sourceTree = "<group>";
		};
/* End PBXVariantGroup section */

/* Begin XCBuildConfiguration section */
		732C90931F7C9E8C00F22AB1 /* Debug */ = {
			isa = XCBuildConfiguration;
			buildSettings = {
				ALWAYS_SEARCH_USER_PATHS = NO;
				CLANG_ANALYZER_NONNULL = YES;
				CLANG_ANALYZER_NUMBER_OBJECT_CONVERSION = YES_AGGRESSIVE;
				CLANG_CXX_LANGUAGE_STANDARD = "gnu++14";
				CLANG_CXX_LIBRARY = "libc++";
				CLANG_ENABLE_MODULES = YES;
				CLANG_ENABLE_OBJC_ARC = YES;
				CLANG_WARN_BLOCK_CAPTURE_AUTORELEASING = YES;
				CLANG_WARN_BOOL_CONVERSION = YES;
				CLANG_WARN_COMMA = YES;
				CLANG_WARN_CONSTANT_CONVERSION = YES;
				CLANG_WARN_DIRECT_OBJC_ISA_USAGE = YES_ERROR;
				CLANG_WARN_DOCUMENTATION_COMMENTS = YES;
				CLANG_WARN_EMPTY_BODY = YES;
				CLANG_WARN_ENUM_CONVERSION = YES;
				CLANG_WARN_INFINITE_RECURSION = YES;
				CLANG_WARN_INT_CONVERSION = YES;
				CLANG_WARN_NON_LITERAL_NULL_CONVERSION = YES;
				CLANG_WARN_OBJC_LITERAL_CONVERSION = YES;
				CLANG_WARN_OBJC_ROOT_CLASS = YES_ERROR;
				CLANG_WARN_RANGE_LOOP_ANALYSIS = YES;
				CLANG_WARN_STRICT_PROTOTYPES = YES;
				CLANG_WARN_SUSPICIOUS_MOVE = YES;
				CLANG_WARN_UNGUARDED_AVAILABILITY = YES_AGGRESSIVE;
				CLANG_WARN_UNREACHABLE_CODE = YES;
				CLANG_WARN__DUPLICATE_METHOD_MATCH = YES;
				CODE_SIGN_IDENTITY = "iPhone Developer";
				COPY_PHASE_STRIP = NO;
				DEBUG_INFORMATION_FORMAT = dwarf;
				ENABLE_STRICT_OBJC_MSGSEND = YES;
				ENABLE_TESTABILITY = YES;
				GCC_C_LANGUAGE_STANDARD = gnu11;
				GCC_DYNAMIC_NO_PIC = NO;
				GCC_NO_COMMON_BLOCKS = YES;
				GCC_OPTIMIZATION_LEVEL = 0;
				GCC_PREPROCESSOR_DEFINITIONS = (
					"DEBUG=1",
					"$(inherited)",
				);
				GCC_WARN_64_TO_32_BIT_CONVERSION = YES;
				GCC_WARN_ABOUT_RETURN_TYPE = YES_ERROR;
				GCC_WARN_UNDECLARED_SELECTOR = YES;
				GCC_WARN_UNINITIALIZED_AUTOS = YES_AGGRESSIVE;
				GCC_WARN_UNUSED_FUNCTION = YES;
				GCC_WARN_UNUSED_VARIABLE = YES;
				IPHONEOS_DEPLOYMENT_TARGET = 11.0;
				MTL_ENABLE_DEBUG_INFO = YES;
				ONLY_ACTIVE_ARCH = YES;
				SDKROOT = iphoneos;
			};
			name = Debug;
		};
		732C90941F7C9E8C00F22AB1 /* Release */ = {
			isa = XCBuildConfiguration;
			buildSettings = {
				ALWAYS_SEARCH_USER_PATHS = NO;
				CLANG_ANALYZER_NONNULL = YES;
				CLANG_ANALYZER_NUMBER_OBJECT_CONVERSION = YES_AGGRESSIVE;
				CLANG_CXX_LANGUAGE_STANDARD = "gnu++14";
				CLANG_CXX_LIBRARY = "libc++";
				CLANG_ENABLE_MODULES = YES;
				CLANG_ENABLE_OBJC_ARC = YES;
				CLANG_WARN_BLOCK_CAPTURE_AUTORELEASING = YES;
				CLANG_WARN_BOOL_CONVERSION = YES;
				CLANG_WARN_COMMA = YES;
				CLANG_WARN_CONSTANT_CONVERSION = YES;
				CLANG_WARN_DIRECT_OBJC_ISA_USAGE = YES_ERROR;
				CLANG_WARN_DOCUMENTATION_COMMENTS = YES;
				CLANG_WARN_EMPTY_BODY = YES;
				CLANG_WARN_ENUM_CONVERSION = YES;
				CLANG_WARN_INFINITE_RECURSION = YES;
				CLANG_WARN_INT_CONVERSION = YES;
				CLANG_WARN_NON_LITERAL_NULL_CONVERSION = YES;
				CLANG_WARN_OBJC_LITERAL_CONVERSION = YES;
				CLANG_WARN_OBJC_ROOT_CLASS = YES_ERROR;
				CLANG_WARN_RANGE_LOOP_ANALYSIS = YES;
				CLANG_WARN_STRICT_PROTOTYPES = YES;
				CLANG_WARN_SUSPICIOUS_MOVE = YES;
				CLANG_WARN_UNGUARDED_AVAILABILITY = YES_AGGRESSIVE;
				CLANG_WARN_UNREACHABLE_CODE = YES;
				CLANG_WARN__DUPLICATE_METHOD_MATCH = YES;
				CODE_SIGN_IDENTITY = "iPhone Developer";
				COPY_PHASE_STRIP = NO;
				DEBUG_INFORMATION_FORMAT = "dwarf-with-dsym";
				ENABLE_NS_ASSERTIONS = NO;
				ENABLE_STRICT_OBJC_MSGSEND = YES;
				GCC_C_LANGUAGE_STANDARD = gnu11;
				GCC_NO_COMMON_BLOCKS = YES;
				GCC_WARN_64_TO_32_BIT_CONVERSION = YES;
				GCC_WARN_ABOUT_RETURN_TYPE = YES_ERROR;
				GCC_WARN_UNDECLARED_SELECTOR = YES;
				GCC_WARN_UNINITIALIZED_AUTOS = YES_AGGRESSIVE;
				GCC_WARN_UNUSED_FUNCTION = YES;
				GCC_WARN_UNUSED_VARIABLE = YES;
				IPHONEOS_DEPLOYMENT_TARGET = 11.0;
				MTL_ENABLE_DEBUG_INFO = NO;
				SDKROOT = iphoneos;
				VALIDATE_PRODUCT = YES;
			};
			name = Release;
		};
		732C90961F7C9E8C00F22AB1 /* Debug */ = {
			isa = XCBuildConfiguration;
			buildSettings = {
				ASSETCATALOG_COMPILER_APPICON_NAME = AppIcon;
				CODE_SIGN_STYLE = Automatic;
				DEVELOPMENT_TEAM = MF9E79MNS4;
				INFOPLIST_FILE = HZRefresh/Info.plist;
				IPHONEOS_DEPLOYMENT_TARGET = 9.0;
				LD_RUNPATH_SEARCH_PATHS = "$(inherited) @executable_path/Frameworks";
				PRODUCT_BUNDLE_IDENTIFIER = HZ.HZRefresh;
				PRODUCT_NAME = "$(TARGET_NAME)";
				TARGETED_DEVICE_FAMILY = "1,2";
			};
			name = Debug;
		};
		732C90971F7C9E8C00F22AB1 /* Release */ = {
			isa = XCBuildConfiguration;
			buildSettings = {
				ASSETCATALOG_COMPILER_APPICON_NAME = AppIcon;
				CODE_SIGN_STYLE = Automatic;
				DEVELOPMENT_TEAM = MF9E79MNS4;
				INFOPLIST_FILE = HZRefresh/Info.plist;
				IPHONEOS_DEPLOYMENT_TARGET = 9.0;
				LD_RUNPATH_SEARCH_PATHS = "$(inherited) @executable_path/Frameworks";
				PRODUCT_BUNDLE_IDENTIFIER = HZ.HZRefresh;
				PRODUCT_NAME = "$(TARGET_NAME)";
				TARGETED_DEVICE_FAMILY = "1,2";
			};
			name = Release;
		};
/* End XCBuildConfiguration section */

/* Begin XCConfigurationList section */
		732C907A1F7C9E8C00F22AB1 /* Build configuration list for PBXProject "HZRefresh" */ = {
			isa = XCConfigurationList;
			buildConfigurations = (
				732C90931F7C9E8C00F22AB1 /* Debug */,
				732C90941F7C9E8C00F22AB1 /* Release */,
			);
			defaultConfigurationIsVisible = 0;
			defaultConfigurationName = Release;
		};
		732C90951F7C9E8C00F22AB1 /* Build configuration list for PBXNativeTarget "HZRefresh" */ = {
			isa = XCConfigurationList;
			buildConfigurations = (
				732C90961F7C9E8C00F22AB1 /* Debug */,
				732C90971F7C9E8C00F22AB1 /* Release */,
			);
			defaultConfigurationIsVisible = 0;
			defaultConfigurationName = Release;
		};
/* End XCConfigurationList section */
	};
	rootObject = 732C90771F7C9E8C00F22AB1 /* Project object */;
}
